
Microsoft Visual Studio Solution File, Format Version 12.00
# Visual Studio Version 16
VisualStudioVersion = 16.0.30011.22
MinimumVisualStudioVersion = 10.0.40219.1
Project("{FAE04EC0-301F-11D3-BF4B-00C04F79EFBC}") = "DanteWrapperLibrary", "DanteWrapperLibrary\DanteWrapperLibrary.csproj", "{2E4C9FF0-20A8-49B5-A159-475D3AD13507}"
EndProject
Project("{FAE04EC0-301F-11D3-BF4B-00C04F79EFBC}") = "DanteWrapperLibrary.Tests", "DanteWrapperLibrary.Tests\DanteWrapperLibrary.Tests.csproj", "{823EE9F4-EB29-499E-9C88-D0B55948B2CE}"
EndProject
Global
	GlobalSection(SolutionConfigurationPlatforms) = preSolution
		Debug|Any CPU = Debug|Any CPU
		Release|Any CPU = Release|Any CPU
	EndGlobalSection
	GlobalSection(ProjectConfigurationPlatforms) = postSolution
		{2E4C9FF0-20A8-49B5-A159-475D3AD13507}.Debug|Any CPU.ActiveCfg = Debug|Any CPU
		{2E4C9FF0-20A8-49B5-A159-475D3AD13507}.Debug|Any CPU.Build.0 = Debug|Any CPU
		{2E4C9FF0-20A8-49B5-A159-475D3AD13507}.Release|Any CPU.ActiveCfg = Release|Any CPU
		{2E4C9FF0-20A8-49B5-A159-475D3AD13507}.Release|Any CPU.Build.0 = Release|Any CPU
		{823EE9F4-EB29-499E-9C88-D0B55948B2CE}.Debug|Any CPU.ActiveCfg = Debug|Any CPU
		{823EE9F4-EB29-499E-9C88-D0B55948B2CE}.Debug|Any CPU.Build.0 = Debug|Any CPU
		{823EE9F4-EB29-499E-9C88-D0B55948B2CE}.Release|Any CPU.ActiveCfg = Release|Any CPU
		{823EE9F4-EB29-499E-9C88-D0B55948B2CE}.Release|Any CPU.Build.0 = Release|Any CPU
	EndGlobalSection
	GlobalSection(SolutionProperties) = preSolution
		HideSolutionNode = FALSE
	EndGlobalSection
	GlobalSection(ExtensibilityGlobals) = postSolution
		SolutionGuid = {160E4F73-5B31-431A-BBCD-94BDD5EA5D13}
	EndGlobalSection
EndGlobal
